// !$*UTF8*$!
{
	archiveVersion = 1;
	classes = {
	};
	objectVersion = 52;
	objects = {

/* Begin PBXBuildFile section */
		8416125B220A2155000A3B27 /* ball-ping.caf in Resources */ = {isa = PBXBuildFile; fileRef = 8416125A220A2155000A3B27 /* ball-ping.caf */; };
		842B968C220DBE7C00CB49E9 /* LLPIXEL3.ttf in Resources */ = {isa = PBXBuildFile; fileRef = 842B968B220DBE7C00CB49E9 /* LLPIXEL3.ttf */; };
		842D3AB425C5FBC200318334 /* UIView+Extensions.swift in Sources */ = {isa = PBXBuildFile; fileRef = 842D3AB325C5FBC200318334 /* UIView+Extensions.swift */; };
		843EA55323FB27F2005E2892 /* PauseMenuScene.sks in Resources */ = {isa = PBXBuildFile; fileRef = 843EA55223FB27F2005E2892 /* PauseMenuScene.sks */; };
		843EA55523FB283A005E2892 /* PauseMenuScene.swift in Sources */ = {isa = PBXBuildFile; fileRef = 843EA55423FB283A005E2892 /* PauseMenuScene.swift */; };
		8446E84122071299008FF376 /* AppDelegate.swift in Sources */ = {isa = PBXBuildFile; fileRef = 8446E84022071299008FF376 /* AppDelegate.swift */; };
		8446E84522071299008FF376 /* Actions.sks in Resources */ = {isa = PBXBuildFile; fileRef = 8446E84422071299008FF376 /* Actions.sks */; };
		8446E84922071299008FF376 /* CoordinatorController.swift in Sources */ = {isa = PBXBuildFile; fileRef = 8446E84822071299008FF376 /* CoordinatorController.swift */; };
		8446E84C22071299008FF376 /* Main.storyboard in Resources */ = {isa = PBXBuildFile; fileRef = 8446E84A22071299008FF376 /* Main.storyboard */; };
		8446E84E2207129C008FF376 /* Assets.xcassets in Resources */ = {isa = PBXBuildFile; fileRef = 8446E84D2207129C008FF376 /* Assets.xcassets */; };
		8446E8512207129C008FF376 /* LaunchScreen.storyboard in Resources */ = {isa = PBXBuildFile; fileRef = 8446E84F2207129C008FF376 /* LaunchScreen.storyboard */; };
		8446E8682207137D008FF376 /* GameKit.framework in Frameworks */ = {isa = PBXBuildFile; fileRef = 8446E8672207137D008FF376 /* GameKit.framework */; };
		844B41F125B8DA170051C202 /* GameController.swift in Sources */ = {isa = PBXBuildFile; fileRef = 844B41F025B8DA170051C202 /* GameController.swift */; };
		844B41F425B8DA810051C202 /* MainMenuController.swift in Sources */ = {isa = PBXBuildFile; fileRef = 844B41F325B8DA810051C202 /* MainMenuController.swift */; };
		844E858325A8CEDF0071B82C /* GameStateMachine.swift in Sources */ = {isa = PBXBuildFile; fileRef = 844E858225A8CEDF0071B82C /* GameStateMachine.swift */; };
		844E858725A8CF3F0071B82C /* GamePlayState.swift in Sources */ = {isa = PBXBuildFile; fileRef = 844E858625A8CF3F0071B82C /* GamePlayState.swift */; };
		844E858B25A8CF6E0071B82C /* BaseState.swift in Sources */ = {isa = PBXBuildFile; fileRef = 844E858A25A8CF6E0071B82C /* BaseState.swift */; };
		844E859025A8D0770071B82C /* BaseViewController.swift in Sources */ = {isa = PBXBuildFile; fileRef = 844E858F25A8D0770071B82C /* BaseViewController.swift */; };
		844E859625A9AFA10071B82C /* MainMenuState.swift in Sources */ = {isa = PBXBuildFile; fileRef = 844E859525A9AFA10071B82C /* MainMenuState.swift */; };
		844E859A25A9B1260071B82C /* LevelsMenuState.swift in Sources */ = {isa = PBXBuildFile; fileRef = 844E859925A9B1260071B82C /* LevelsMenuState.swift */; };
		844E85A025A9B16B0071B82C /* PauseMenuState.swift in Sources */ = {isa = PBXBuildFile; fileRef = 844E859F25A9B16B0071B82C /* PauseMenuState.swift */; };
		844E85A825A9B1C70071B82C /* ScoreMenuState.swift in Sources */ = {isa = PBXBuildFile; fileRef = 844E85A725A9B1C70071B82C /* ScoreMenuState.swift */; };
		844E85B625A9B4170071B82C /* GameOverMenuState.swift in Sources */ = {isa = PBXBuildFile; fileRef = 844E85B525A9B4170071B82C /* GameOverMenuState.swift */; };
		844E85C825A9B8CA0071B82C /* ScoreMenuScene.sks in Resources */ = {isa = PBXBuildFile; fileRef = 844E85C725A9B8CA0071B82C /* ScoreMenuScene.sks */; };
		844E85CC25A9B8E30071B82C /* ScoreMenuScene.swift in Sources */ = {isa = PBXBuildFile; fileRef = 844E85CB25A9B8E30071B82C /* ScoreMenuScene.swift */; };
		844E85D025A9B92C0071B82C /* GameOverScene.sks in Resources */ = {isa = PBXBuildFile; fileRef = 844E85CF25A9B92C0071B82C /* GameOverScene.sks */; };
		844E85D425A9B9410071B82C /* GameOverScene.swift in Sources */ = {isa = PBXBuildFile; fileRef = 844E85D325A9B9410071B82C /* GameOverScene.swift */; };
		844E85E625AB05680071B82C /* Player.swift in Sources */ = {isa = PBXBuildFile; fileRef = 844E85E525AB05680071B82C /* Player.swift */; };
		844E860F25AB0EBA0071B82C /* FileSystem.swift in Sources */ = {isa = PBXBuildFile; fileRef = 844E860E25AB0EBA0071B82C /* FileSystem.swift */; };
		844E861925AB5F420071B82C /* Logging in Frameworks */ = {isa = PBXBuildFile; productRef = 844E861825AB5F420071B82C /* Logging */; };
		84897932225A54270027818C /* MainMenuScene.swift in Sources */ = {isa = PBXBuildFile; fileRef = 84897931225A54270027818C /* MainMenuScene.swift */; };
		84897934225A54610027818C /* MainMenuScene.sks in Resources */ = {isa = PBXBuildFile; fileRef = 84897933225A54610027818C /* MainMenuScene.sks */; };
		84897936225A56070027818C /* ActionButton.swift in Sources */ = {isa = PBXBuildFile; fileRef = 84897935225A56070027818C /* ActionButton.swift */; };
		84A2C14223FD58BD005ACB5A /* LevelsMenuScene.sks in Resources */ = {isa = PBXBuildFile; fileRef = 84A2C14123FD58BD005ACB5A /* LevelsMenuScene.sks */; };
		84A2C14423FD58E9005ACB5A /* LevelsMenuScene.swift in Sources */ = {isa = PBXBuildFile; fileRef = 84A2C14323FD58E9005ACB5A /* LevelsMenuScene.swift */; };
		84A2C14D23FD5C13005ACB5A /* GameScene.sks in Resources */ = {isa = PBXBuildFile; fileRef = 84A2C14B23FD5C13005ACB5A /* GameScene.sks */; };
		84A2C14E23FD5C13005ACB5A /* GameScene.swift in Sources */ = {isa = PBXBuildFile; fileRef = 84A2C14C23FD5C13005ACB5A /* GameScene.swift */; };
		84A2C15023FD5F81005ACB5A /* BaseScene+Actions.swift in Sources */ = {isa = PBXBuildFile; fileRef = 84A2C14F23FD5F81005ACB5A /* BaseScene+Actions.swift */; };
		84DAA42725C5A03F00E1FF03 /* IntroController.swift in Sources */ = {isa = PBXBuildFile; fileRef = 84DAA42625C5A03F00E1FF03 /* IntroController.swift */; };
		84DC16B525C5EBE100F55306 /* Localizer.swift in Sources */ = {isa = PBXBuildFile; fileRef = 84DC16B425C5EBE100F55306 /* Localizer.swift */; };
		84E3CF7E25C715850072DE08 /* SlideInPresentationCoordinator.swift in Sources */ = {isa = PBXBuildFile; fileRef = 84E3CF7D25C715850072DE08 /* SlideInPresentationCoordinator.swift */; };
		84E3CF8425C717840072DE08 /* UIFont+Extensions.swift in Sources */ = {isa = PBXBuildFile; fileRef = 84E3CF8325C717840072DE08 /* UIFont+Extensions.swift */; };
		84E3CF8A25C71BD70072DE08 /* PauseMenuController.swift in Sources */ = {isa = PBXBuildFile; fileRef = 84E3CF8925C71BD70072DE08 /* PauseMenuController.swift */; };
		84E3CFDE25C727E40072DE08 /* SlideInPresentationController.swift in Sources */ = {isa = PBXBuildFile; fileRef = 84E3CFDD25C727E40072DE08 /* SlideInPresentationController.swift */; };
		84E3CFE125C728600072DE08 /* SlideInPresentationDirection.swift in Sources */ = {isa = PBXBuildFile; fileRef = 84E3CFE025C728600072DE08 /* SlideInPresentationDirection.swift */; };
		84E3CFE525C73C140072DE08 /* SlideInPresentationAnimator.swift in Sources */ = {isa = PBXBuildFile; fileRef = 84E3CFE425C73C140072DE08 /* SlideInPresentationAnimator.swift */; };
		84E3CFE825C745070072DE08 /* ClampingPropertyWrapper.swift in Sources */ = {isa = PBXBuildFile; fileRef = 84E3CFE725C745070072DE08 /* ClampingPropertyWrapper.swift */; };
		84E3CFEB25C7469D0072DE08 /* Comparable+Clamped.swift in Sources */ = {isa = PBXBuildFile; fileRef = 84E3CFEA25C7469D0072DE08 /* Comparable+Clamped.swift */; };
/* End PBXBuildFile section */

/* Begin PBXFileReference section */
		8416125A220A2155000A3B27 /* ball-ping.caf */ = {isa = PBXFileReference; lastKnownFileType = file; path = "ball-ping.caf"; sourceTree = "<group>"; };
		842B968B220DBE7C00CB49E9 /* LLPIXEL3.ttf */ = {isa = PBXFileReference; lastKnownFileType = file; path = LLPIXEL3.ttf; sourceTree = "<group>"; };
		842D3AB325C5FBC200318334 /* UIView+Extensions.swift */ = {isa = PBXFileReference; lastKnownFileType = sourcecode.swift; path = "UIView+Extensions.swift"; sourceTree = "<group>"; };
		843EA55223FB27F2005E2892 /* PauseMenuScene.sks */ = {isa = PBXFileReference; lastKnownFileType = file.sks; path = PauseMenuScene.sks; sourceTree = "<group>"; };
		843EA55423FB283A005E2892 /* PauseMenuScene.swift */ = {isa = PBXFileReference; lastKnownFileType = sourcecode.swift; path = PauseMenuScene.swift; sourceTree = "<group>"; };
		8446E83D22071299008FF376 /* ping-pong.app */ = {isa = PBXFileReference; explicitFileType = wrapper.application; includeInIndex = 0; path = "ping-pong.app"; sourceTree = BUILT_PRODUCTS_DIR; };
		8446E84022071299008FF376 /* AppDelegate.swift */ = {isa = PBXFileReference; lastKnownFileType = sourcecode.swift; path = AppDelegate.swift; sourceTree = "<group>"; };
		8446E84422071299008FF376 /* Actions.sks */ = {isa = PBXFileReference; lastKnownFileType = file.sks; path = Actions.sks; sourceTree = "<group>"; };
		8446E84822071299008FF376 /* CoordinatorController.swift */ = {isa = PBXFileReference; lastKnownFileType = sourcecode.swift; path = CoordinatorController.swift; sourceTree = "<group>"; };
		8446E84B22071299008FF376 /* Base */ = {isa = PBXFileReference; lastKnownFileType = file.storyboard; name = Base; path = Base.lproj/Main.storyboard; sourceTree = "<group>"; };
		8446E84D2207129C008FF376 /* Assets.xcassets */ = {isa = PBXFileReference; lastKnownFileType = folder.assetcatalog; path = Assets.xcassets; sourceTree = "<group>"; };
		8446E8502207129C008FF376 /* Base */ = {isa = PBXFileReference; lastKnownFileType = file.storyboard; name = Base; path = Base.lproj/LaunchScreen.storyboard; sourceTree = "<group>"; };
		8446E8522207129C008FF376 /* Info.plist */ = {isa = PBXFileReference; lastKnownFileType = text.plist.xml; path = Info.plist; sourceTree = "<group>"; };
		8446E8672207137D008FF376 /* GameKit.framework */ = {isa = PBXFileReference; lastKnownFileType = wrapper.framework; name = GameKit.framework; path = System/Library/Frameworks/GameKit.framework; sourceTree = SDKROOT; };
		844B41F025B8DA170051C202 /* GameController.swift */ = {isa = PBXFileReference; lastKnownFileType = sourcecode.swift; path = GameController.swift; sourceTree = "<group>"; };
		844B41F325B8DA810051C202 /* MainMenuController.swift */ = {isa = PBXFileReference; lastKnownFileType = sourcecode.swift; path = MainMenuController.swift; sourceTree = "<group>"; };
		844E858225A8CEDF0071B82C /* GameStateMachine.swift */ = {isa = PBXFileReference; lastKnownFileType = sourcecode.swift; path = GameStateMachine.swift; sourceTree = "<group>"; };
		844E858625A8CF3F0071B82C /* GamePlayState.swift */ = {isa = PBXFileReference; lastKnownFileType = sourcecode.swift; path = GamePlayState.swift; sourceTree = "<group>"; };
		844E858A25A8CF6E0071B82C /* BaseState.swift */ = {isa = PBXFileReference; lastKnownFileType = sourcecode.swift; path = BaseState.swift; sourceTree = "<group>"; };
		844E858F25A8D0770071B82C /* BaseViewController.swift */ = {isa = PBXFileReference; lastKnownFileType = sourcecode.swift; path = BaseViewController.swift; sourceTree = "<group>"; };
		844E859525A9AFA10071B82C /* MainMenuState.swift */ = {isa = PBXFileReference; lastKnownFileType = sourcecode.swift; path = MainMenuState.swift; sourceTree = "<group>"; };
		844E859925A9B1260071B82C /* LevelsMenuState.swift */ = {isa = PBXFileReference; lastKnownFileType = sourcecode.swift; path = LevelsMenuState.swift; sourceTree = "<group>"; };
		844E859F25A9B16B0071B82C /* PauseMenuState.swift */ = {isa = PBXFileReference; lastKnownFileType = sourcecode.swift; path = PauseMenuState.swift; sourceTree = "<group>"; };
		844E85A725A9B1C70071B82C /* ScoreMenuState.swift */ = {isa = PBXFileReference; lastKnownFileType = sourcecode.swift; path = ScoreMenuState.swift; sourceTree = "<group>"; };
		844E85B525A9B4170071B82C /* GameOverMenuState.swift */ = {isa = PBXFileReference; lastKnownFileType = sourcecode.swift; path = GameOverMenuState.swift; sourceTree = "<group>"; };
		844E85C725A9B8CA0071B82C /* ScoreMenuScene.sks */ = {isa = PBXFileReference; lastKnownFileType = file.sks; path = ScoreMenuScene.sks; sourceTree = "<group>"; };
		844E85CB25A9B8E30071B82C /* ScoreMenuScene.swift */ = {isa = PBXFileReference; lastKnownFileType = sourcecode.swift; path = ScoreMenuScene.swift; sourceTree = "<group>"; };
		844E85CF25A9B92C0071B82C /* GameOverScene.sks */ = {isa = PBXFileReference; lastKnownFileType = file.sks; path = GameOverScene.sks; sourceTree = "<group>"; };
		844E85D325A9B9410071B82C /* GameOverScene.swift */ = {isa = PBXFileReference; lastKnownFileType = sourcecode.swift; path = GameOverScene.swift; sourceTree = "<group>"; };
		844E85E525AB05680071B82C /* Player.swift */ = {isa = PBXFileReference; lastKnownFileType = sourcecode.swift; path = Player.swift; sourceTree = "<group>"; };
		844E860E25AB0EBA0071B82C /* FileSystem.swift */ = {isa = PBXFileReference; lastKnownFileType = sourcecode.swift; path = FileSystem.swift; sourceTree = "<group>"; };
		84897931225A54270027818C /* MainMenuScene.swift */ = {isa = PBXFileReference; lastKnownFileType = sourcecode.swift; path = MainMenuScene.swift; sourceTree = "<group>"; };
		84897933225A54610027818C /* MainMenuScene.sks */ = {isa = PBXFileReference; lastKnownFileType = file.sks; path = MainMenuScene.sks; sourceTree = "<group>"; };
		84897935225A56070027818C /* ActionButton.swift */ = {isa = PBXFileReference; lastKnownFileType = sourcecode.swift; path = ActionButton.swift; sourceTree = "<group>"; };
		84A2C14123FD58BD005ACB5A /* LevelsMenuScene.sks */ = {isa = PBXFileReference; lastKnownFileType = file.sks; path = LevelsMenuScene.sks; sourceTree = "<group>"; };
		84A2C14323FD58E9005ACB5A /* LevelsMenuScene.swift */ = {isa = PBXFileReference; lastKnownFileType = sourcecode.swift; path = LevelsMenuScene.swift; sourceTree = "<group>"; };
		84A2C14B23FD5C13005ACB5A /* GameScene.sks */ = {isa = PBXFileReference; lastKnownFileType = file.sks; path = GameScene.sks; sourceTree = "<group>"; };
		84A2C14C23FD5C13005ACB5A /* GameScene.swift */ = {isa = PBXFileReference; fileEncoding = 4; lastKnownFileType = sourcecode.swift; path = GameScene.swift; sourceTree = "<group>"; };
		84A2C14F23FD5F81005ACB5A /* BaseScene+Actions.swift */ = {isa = PBXFileReference; lastKnownFileType = sourcecode.swift; path = "BaseScene+Actions.swift"; sourceTree = "<group>"; };
		84DAA42625C5A03F00E1FF03 /* IntroController.swift */ = {isa = PBXFileReference; lastKnownFileType = sourcecode.swift; path = IntroController.swift; sourceTree = "<group>"; };
		84DC16B425C5EBE100F55306 /* Localizer.swift */ = {isa = PBXFileReference; lastKnownFileType = sourcecode.swift; path = Localizer.swift; sourceTree = "<group>"; };
		84E3CF7D25C715850072DE08 /* SlideInPresentationCoordinator.swift */ = {isa = PBXFileReference; lastKnownFileType = sourcecode.swift; path = SlideInPresentationCoordinator.swift; sourceTree = "<group>"; };
		84E3CF8325C717840072DE08 /* UIFont+Extensions.swift */ = {isa = PBXFileReference; lastKnownFileType = sourcecode.swift; path = "UIFont+Extensions.swift"; sourceTree = "<group>"; };
		84E3CF8925C71BD70072DE08 /* PauseMenuController.swift */ = {isa = PBXFileReference; lastKnownFileType = sourcecode.swift; path = PauseMenuController.swift; sourceTree = "<group>"; };
		84E3CFDD25C727E40072DE08 /* SlideInPresentationController.swift */ = {isa = PBXFileReference; lastKnownFileType = sourcecode.swift; path = SlideInPresentationController.swift; sourceTree = "<group>"; };
		84E3CFE025C728600072DE08 /* SlideInPresentationDirection.swift */ = {isa = PBXFileReference; lastKnownFileType = sourcecode.swift; path = SlideInPresentationDirection.swift; sourceTree = "<group>"; };
		84E3CFE425C73C140072DE08 /* SlideInPresentationAnimator.swift */ = {isa = PBXFileReference; lastKnownFileType = sourcecode.swift; path = SlideInPresentationAnimator.swift; sourceTree = "<group>"; };
		84E3CFE725C745070072DE08 /* ClampingPropertyWrapper.swift */ = {isa = PBXFileReference; lastKnownFileType = sourcecode.swift; path = ClampingPropertyWrapper.swift; sourceTree = "<group>"; };
		84E3CFEA25C7469D0072DE08 /* Comparable+Clamped.swift */ = {isa = PBXFileReference; lastKnownFileType = sourcecode.swift; path = "Comparable+Clamped.swift"; sourceTree = "<group>"; };
/* End PBXFileReference section */

/* Begin PBXFrameworksBuildPhase section */
		8446E83A22071299008FF376 /* Frameworks */ = {
			isa = PBXFrameworksBuildPhase;
			buildActionMask = 2147483647;
			files = (
				844E861925AB5F420071B82C /* Logging in Frameworks */,
				8446E8682207137D008FF376 /* GameKit.framework in Frameworks */,
			);
			runOnlyForDeploymentPostprocessing = 0;
		};
/* End PBXFrameworksBuildPhase section */

/* Begin PBXGroup section */
		84161257220A1217000A3B27 /* Resources */ = {
			isa = PBXGroup;
			children = (
				842B968B220DBE7C00CB49E9 /* LLPIXEL3.ttf */,
				8416125A220A2155000A3B27 /* ball-ping.caf */,
			);
			path = Resources;
			sourceTree = "<group>";
		};
		8446E83422071298008FF376 = {
			isa = PBXGroup;
			children = (
				8446E83F22071299008FF376 /* ping-pong */,
				8446E83E22071299008FF376 /* Products */,
				8446E8662207137D008FF376 /* Frameworks */,
			);
			sourceTree = "<group>";
		};
		8446E83E22071299008FF376 /* Products */ = {
			isa = PBXGroup;
			children = (
				8446E83D22071299008FF376 /* ping-pong.app */,
			);
			name = Products;
			sourceTree = "<group>";
		};
		8446E83F22071299008FF376 /* ping-pong */ = {
			isa = PBXGroup;
			children = (
				8446E84022071299008FF376 /* AppDelegate.swift */,
				84DC16AE25C5E43F00F55306 /* Coordinator */,
				844E858E25A8D05B0071B82C /* Controllers */,
				844E85E425AB03350071B82C /* Models */,
				84E3CF7C25C713E20072DE08 /* Presentation */,
				84A2C14923FD5B46005ACB5A /* Scenes */,
				844E858125A8CEC10071B82C /* States */,
				84E3CF7925C70FE70072DE08 /* SpriteKit */,
				84E3CF7725C70FBD0072DE08 /* UIKit */,
				84E3CF7A25C710280072DE08 /* Utilities */,
				84897937225A574F0027818C /* UserInterface */,
				84161257220A1217000A3B27 /* Resources */,
				84E3CF8225C716800072DE08 /* Support */,
			);
			path = "ping-pong";
			sourceTree = "<group>";
		};
		8446E8662207137D008FF376 /* Frameworks */ = {
			isa = PBXGroup;
			children = (
				8446E8672207137D008FF376 /* GameKit.framework */,
			);
			name = Frameworks;
			sourceTree = "<group>";
		};
		844E858125A8CEC10071B82C /* States */ = {
			isa = PBXGroup;
			children = (
				844E858225A8CEDF0071B82C /* GameStateMachine.swift */,
				844E858A25A8CF6E0071B82C /* BaseState.swift */,
				844E85D725A9B9660071B82C /* Play */,
				844E85D825A9B9730071B82C /* Menu */,
			);
			path = States;
			sourceTree = "<group>";
		};
		844E858E25A8D05B0071B82C /* Controllers */ = {
			isa = PBXGroup;
			children = (
				844E858F25A8D0770071B82C /* BaseViewController.swift */,
				84DAA42625C5A03F00E1FF03 /* IntroController.swift */,
				844B41F025B8DA170051C202 /* GameController.swift */,
				844B41F325B8DA810051C202 /* MainMenuController.swift */,
				84E3CF8925C71BD70072DE08 /* PauseMenuController.swift */,
			);
			path = Controllers;
			sourceTree = "<group>";
		};
		844E85C525A9B8340071B82C /* ScoreMenu */ = {
			isa = PBXGroup;
			children = (
				844E85C725A9B8CA0071B82C /* ScoreMenuScene.sks */,
				844E85CB25A9B8E30071B82C /* ScoreMenuScene.swift */,
			);
			path = ScoreMenu;
			sourceTree = "<group>";
		};
		844E85C625A9B8470071B82C /* GameOverMenu */ = {
			isa = PBXGroup;
			children = (
				844E85CF25A9B92C0071B82C /* GameOverScene.sks */,
				844E85D325A9B9410071B82C /* GameOverScene.swift */,
			);
			path = GameOverMenu;
			sourceTree = "<group>";
		};
		844E85D725A9B9660071B82C /* Play */ = {
			isa = PBXGroup;
			children = (
				844E858625A8CF3F0071B82C /* GamePlayState.swift */,
			);
			path = Play;
			sourceTree = "<group>";
		};
		844E85D825A9B9730071B82C /* Menu */ = {
			isa = PBXGroup;
			children = (
				844E859525A9AFA10071B82C /* MainMenuState.swift */,
				844E859925A9B1260071B82C /* LevelsMenuState.swift */,
				844E859F25A9B16B0071B82C /* PauseMenuState.swift */,
				844E85A725A9B1C70071B82C /* ScoreMenuState.swift */,
				844E85B525A9B4170071B82C /* GameOverMenuState.swift */,
			);
			path = Menu;
			sourceTree = "<group>";
		};
		844E85E425AB03350071B82C /* Models */ = {
			isa = PBXGroup;
			children = (
				844E85E525AB05680071B82C /* Player.swift */,
				844E860E25AB0EBA0071B82C /* FileSystem.swift */,
			);
			path = Models;
			sourceTree = "<group>";
		};
		84897937225A574F0027818C /* UserInterface */ = {
			isa = PBXGroup;
			children = (
				8446E84D2207129C008FF376 /* Assets.xcassets */,
				8446E84F2207129C008FF376 /* LaunchScreen.storyboard */,
				8446E84A22071299008FF376 /* Main.storyboard */,
			);
			path = UserInterface;
			sourceTree = "<group>";
		};
		84A2C14523FD5B15005ACB5A /* MainMenu */ = {
			isa = PBXGroup;
			children = (
				84897933225A54610027818C /* MainMenuScene.sks */,
				84897931225A54270027818C /* MainMenuScene.swift */,
			);
			path = MainMenu;
			sourceTree = "<group>";
		};
		84A2C14623FD5B23005ACB5A /* LevelsMenu */ = {
			isa = PBXGroup;
			children = (
				84A2C14123FD58BD005ACB5A /* LevelsMenuScene.sks */,
				84A2C14323FD58E9005ACB5A /* LevelsMenuScene.swift */,
			);
			path = LevelsMenu;
			sourceTree = "<group>";
		};
		84A2C14823FD5B3D005ACB5A /* PauseMenu */ = {
			isa = PBXGroup;
			children = (
				843EA55223FB27F2005E2892 /* PauseMenuScene.sks */,
				843EA55423FB283A005E2892 /* PauseMenuScene.swift */,
			);
			path = PauseMenu;
			sourceTree = "<group>";
		};
		84A2C14923FD5B46005ACB5A /* Scenes */ = {
			isa = PBXGroup;
			children = (
				84A2C14F23FD5F81005ACB5A /* BaseScene+Actions.swift */,
				84A2C14A23FD5C13005ACB5A /* Game */,
				84A2C14523FD5B15005ACB5A /* MainMenu */,
				84A2C14623FD5B23005ACB5A /* LevelsMenu */,
				84A2C14823FD5B3D005ACB5A /* PauseMenu */,
				844E85C525A9B8340071B82C /* ScoreMenu */,
				844E85C625A9B8470071B82C /* GameOverMenu */,
			);
			path = Scenes;
			sourceTree = "<group>";
		};
		84A2C14A23FD5C13005ACB5A /* Game */ = {
			isa = PBXGroup;
			children = (
				84A2C14B23FD5C13005ACB5A /* GameScene.sks */,
				84A2C14C23FD5C13005ACB5A /* GameScene.swift */,
			);
			path = Game;
			sourceTree = "<group>";
		};
		84DAA42D25C5A39400E1FF03 /* Views */ = {
			isa = PBXGroup;
			children = (
			);
			path = Views;
			sourceTree = "<group>";
		};
		84DC16AE25C5E43F00F55306 /* Coordinator */ = {
			isa = PBXGroup;
			children = (
				8446E84822071299008FF376 /* CoordinatorController.swift */,
			);
			path = Coordinator;
			sourceTree = "<group>";
		};
		84E3CF7725C70FBD0072DE08 /* UIKit */ = {
			isa = PBXGroup;
			children = (
				84E3CF7825C70FCD0072DE08 /* Extensions */,
				84DAA42D25C5A39400E1FF03 /* Views */,
				84E3CFE725C745070072DE08 /* ClampingPropertyWrapper.swift */,
			);
			path = UIKit;
			sourceTree = "<group>";
		};
		84E3CF7825C70FCD0072DE08 /* Extensions */ = {
			isa = PBXGroup;
			children = (
				842D3AB325C5FBC200318334 /* UIView+Extensions.swift */,
				84E3CF8325C717840072DE08 /* UIFont+Extensions.swift */,
				84E3CFEA25C7469D0072DE08 /* Comparable+Clamped.swift */,
			);
			path = Extensions;
			sourceTree = "<group>";
		};
		84E3CF7925C70FE70072DE08 /* SpriteKit */ = {
			isa = PBXGroup;
			children = (
				84897935225A56070027818C /* ActionButton.swift */,
				8446E84422071299008FF376 /* Actions.sks */,
			);
			path = SpriteKit;
			sourceTree = "<group>";
		};
		84E3CF7A25C710280072DE08 /* Utilities */ = {
			isa = PBXGroup;
			children = (
				84DC16B425C5EBE100F55306 /* Localizer.swift */,
			);
			path = Utilities;
			sourceTree = "<group>";
		};
		84E3CF7C25C713E20072DE08 /* Presentation */ = {
			isa = PBXGroup;
			children = (
				84E3CFE025C728600072DE08 /* SlideInPresentationDirection.swift */,
				84E3CF7D25C715850072DE08 /* SlideInPresentationCoordinator.swift */,
				84E3CFDD25C727E40072DE08 /* SlideInPresentationController.swift */,
				84E3CFE425C73C140072DE08 /* SlideInPresentationAnimator.swift */,
			);
			path = Presentation;
			sourceTree = "<group>";
		};
		84E3CF8225C716800072DE08 /* Support */ = {
			isa = PBXGroup;
			children = (
				8446E8522207129C008FF376 /* Info.plist */,
			);
			path = Support;
			sourceTree = "<group>";
		};
/* End PBXGroup section */

/* Begin PBXNativeTarget section */
		8446E83C22071299008FF376 /* ping-pong */ = {
			isa = PBXNativeTarget;
			buildConfigurationList = 8446E8602207129C008FF376 /* Build configuration list for PBXNativeTarget "ping-pong" */;
			buildPhases = (
				8446E83922071299008FF376 /* Sources */,
				8446E83A22071299008FF376 /* Frameworks */,
				8446E83B22071299008FF376 /* Resources */,
			);
			buildRules = (
			);
			dependencies = (
			);
			name = "ping-pong";
			packageProductDependencies = (
				844E861825AB5F420071B82C /* Logging */,
			);
			productName = "ping-pong";
			productReference = 8446E83D22071299008FF376 /* ping-pong.app */;
			productType = "com.apple.product-type.application";
		};
/* End PBXNativeTarget section */

/* Begin PBXProject section */
		8446E83522071298008FF376 /* Project object */ = {
			isa = PBXProject;
			attributes = {
				LastSwiftUpdateCheck = 1010;
				LastUpgradeCheck = 1220;
				ORGANIZATIONNAME = "IC Servis, s.r.o.";
				TargetAttributes = {
					8446E83C22071299008FF376 = {
						CreatedOnToolsVersion = 10.1;
						LastSwiftMigration = 1130;
						SystemCapabilities = {
							com.apple.GameCenter.iOS = {
								enabled = 1;
							};
						};
					};
				};
			};
			buildConfigurationList = 8446E83822071298008FF376 /* Build configuration list for PBXProject "Ping-Pong" */;
			compatibilityVersion = "Xcode 10.0";
			developmentRegion = en;
			hasScannedForEncodings = 0;
			knownRegions = (
				en,
				Base,
			);
			mainGroup = 8446E83422071298008FF376;
			packageReferences = (
				844E861725AB5F420071B82C /* XCRemoteSwiftPackageReference "swift-log" */,
			);
			productRefGroup = 8446E83E22071299008FF376 /* Products */;
			projectDirPath = "";
			projectRoot = "";
			targets = (
				8446E83C22071299008FF376 /* ping-pong */,
			);
		};
/* End PBXProject section */

/* Begin PBXResourcesBuildPhase section */
		8446E83B22071299008FF376 /* Resources */ = {
			isa = PBXResourcesBuildPhase;
			buildActionMask = 2147483647;
			files = (
				8446E84C22071299008FF376 /* Main.storyboard in Resources */,
				8446E84E2207129C008FF376 /* Assets.xcassets in Resources */,
				8416125B220A2155000A3B27 /* ball-ping.caf in Resources */,
				8446E8512207129C008FF376 /* LaunchScreen.storyboard in Resources */,
				844E85D025A9B92C0071B82C /* GameOverScene.sks in Resources */,
				843EA55323FB27F2005E2892 /* PauseMenuScene.sks in Resources */,
				844E85C825A9B8CA0071B82C /* ScoreMenuScene.sks in Resources */,
				842B968C220DBE7C00CB49E9 /* LLPIXEL3.ttf in Resources */,
				84A2C14D23FD5C13005ACB5A /* GameScene.sks in Resources */,
				8446E84522071299008FF376 /* Actions.sks in Resources */,
				84897934225A54610027818C /* MainMenuScene.sks in Resources */,
				84A2C14223FD58BD005ACB5A /* LevelsMenuScene.sks in Resources */,
			);
			runOnlyForDeploymentPostprocessing = 0;
		};
/* End PBXResourcesBuildPhase section */

/* Begin PBXSourcesBuildPhase section */
		8446E83922071299008FF376 /* Sources */ = {
			isa = PBXSourcesBuildPhase;
			buildActionMask = 2147483647;
			files = (
				8446E84922071299008FF376 /* CoordinatorController.swift in Sources */,
				844E85A825A9B1C70071B82C /* ScoreMenuState.swift in Sources */,
				844E85CC25A9B8E30071B82C /* ScoreMenuScene.swift in Sources */,
				84897932225A54270027818C /* MainMenuScene.swift in Sources */,
				84E3CFE125C728600072DE08 /* SlideInPresentationDirection.swift in Sources */,
				844B41F125B8DA170051C202 /* GameController.swift in Sources */,
				84E3CF8A25C71BD70072DE08 /* PauseMenuController.swift in Sources */,
				844E85E625AB05680071B82C /* Player.swift in Sources */,
				84E3CF8425C717840072DE08 /* UIFont+Extensions.swift in Sources */,
				8446E84122071299008FF376 /* AppDelegate.swift in Sources */,
				844E85B625A9B4170071B82C /* GameOverMenuState.swift in Sources */,
				84A2C14423FD58E9005ACB5A /* LevelsMenuScene.swift in Sources */,
				84E3CFEB25C7469D0072DE08 /* Comparable+Clamped.swift in Sources */,
				843EA55523FB283A005E2892 /* PauseMenuScene.swift in Sources */,
				844E859A25A9B1260071B82C /* LevelsMenuState.swift in Sources */,
				844B41F425B8DA810051C202 /* MainMenuController.swift in Sources */,
				844E85D425A9B9410071B82C /* GameOverScene.swift in Sources */,
				844E859025A8D0770071B82C /* BaseViewController.swift in Sources */,
				84E3CFE525C73C140072DE08 /* SlideInPresentationAnimator.swift in Sources */,
				84E3CF7E25C715850072DE08 /* SlideInPresentationCoordinator.swift in Sources */,
				84A2C14E23FD5C13005ACB5A /* GameScene.swift in Sources */,
				84DAA42725C5A03F00E1FF03 /* IntroController.swift in Sources */,
				84897936225A56070027818C /* ActionButton.swift in Sources */,
				844E858B25A8CF6E0071B82C /* BaseState.swift in Sources */,
				844E858725A8CF3F0071B82C /* GamePlayState.swift in Sources */,
				84E3CFE825C745070072DE08 /* ClampingPropertyWrapper.swift in Sources */,
				844E85A025A9B16B0071B82C /* PauseMenuState.swift in Sources */,
				844E858325A8CEDF0071B82C /* GameStateMachine.swift in Sources */,
				842D3AB425C5FBC200318334 /* UIView+Extensions.swift in Sources */,
				844E860F25AB0EBA0071B82C /* FileSystem.swift in Sources */,
				844E859625A9AFA10071B82C /* MainMenuState.swift in Sources */,
				84A2C15023FD5F81005ACB5A /* BaseScene+Actions.swift in Sources */,
				84E3CFDE25C727E40072DE08 /* SlideInPresentationController.swift in Sources */,
				84DC16B525C5EBE100F55306 /* Localizer.swift in Sources */,
			);
			runOnlyForDeploymentPostprocessing = 0;
		};
/* End PBXSourcesBuildPhase section */

/* Begin PBXVariantGroup section */
		8446E84A22071299008FF376 /* Main.storyboard */ = {
			isa = PBXVariantGroup;
			children = (
				8446E84B22071299008FF376 /* Base */,
			);
			name = Main.storyboard;
			sourceTree = "<group>";
		};
		8446E84F2207129C008FF376 /* LaunchScreen.storyboard */ = {
			isa = PBXVariantGroup;
			children = (
				8446E8502207129C008FF376 /* Base */,
			);
			name = LaunchScreen.storyboard;
			sourceTree = "<group>";
		};
/* End PBXVariantGroup section */

/* Begin XCBuildConfiguration section */
		8444D04F25B84FDD00E6DD2B /* AdHoc */ = {
			isa = XCBuildConfiguration;
			buildSettings = {
				ALWAYS_SEARCH_USER_PATHS = NO;
				CLANG_ANALYZER_NONNULL = YES;
				CLANG_ANALYZER_NUMBER_OBJECT_CONVERSION = YES_AGGRESSIVE;
				CLANG_CXX_LANGUAGE_STANDARD = "gnu++14";
				CLANG_CXX_LIBRARY = "libc++";
				CLANG_ENABLE_MODULES = YES;
				CLANG_ENABLE_OBJC_ARC = YES;
				CLANG_ENABLE_OBJC_WEAK = YES;
				CLANG_WARN_BLOCK_CAPTURE_AUTORELEASING = YES;
				CLANG_WARN_BOOL_CONVERSION = YES;
				CLANG_WARN_COMMA = YES;
				CLANG_WARN_CONSTANT_CONVERSION = YES;
				CLANG_WARN_DEPRECATED_OBJC_IMPLEMENTATIONS = YES;
				CLANG_WARN_DIRECT_OBJC_ISA_USAGE = YES_ERROR;
				CLANG_WARN_DOCUMENTATION_COMMENTS = YES;
				CLANG_WARN_EMPTY_BODY = YES;
				CLANG_WARN_ENUM_CONVERSION = YES;
				CLANG_WARN_INFINITE_RECURSION = YES;
				CLANG_WARN_INT_CONVERSION = YES;
				CLANG_WARN_NON_LITERAL_NULL_CONVERSION = YES;
				CLANG_WARN_OBJC_IMPLICIT_RETAIN_SELF = YES;
				CLANG_WARN_OBJC_LITERAL_CONVERSION = YES;
				CLANG_WARN_OBJC_ROOT_CLASS = YES_ERROR;
				CLANG_WARN_QUOTED_INCLUDE_IN_FRAMEWORK_HEADER = YES;
				CLANG_WARN_RANGE_LOOP_ANALYSIS = YES;
				CLANG_WARN_STRICT_PROTOTYPES = YES;
				CLANG_WARN_SUSPICIOUS_MOVE = YES;
				CLANG_WARN_UNGUARDED_AVAILABILITY = YES_AGGRESSIVE;
				CLANG_WARN_UNREACHABLE_CODE = YES;
				CLANG_WARN__DUPLICATE_METHOD_MATCH = YES;
				CODE_SIGN_IDENTITY = "iPhone Developer";
				COPY_PHASE_STRIP = NO;
				DEBUG_INFORMATION_FORMAT = "dwarf-with-dsym";
				ENABLE_NS_ASSERTIONS = NO;
				ENABLE_STRICT_OBJC_MSGSEND = YES;
				GCC_C_LANGUAGE_STANDARD = gnu11;
				GCC_NO_COMMON_BLOCKS = YES;
				GCC_WARN_64_TO_32_BIT_CONVERSION = YES;
				GCC_WARN_ABOUT_RETURN_TYPE = YES_ERROR;
				GCC_WARN_UNDECLARED_SELECTOR = YES;
				GCC_WARN_UNINITIALIZED_AUTOS = YES_AGGRESSIVE;
				GCC_WARN_UNUSED_FUNCTION = YES;
				GCC_WARN_UNUSED_VARIABLE = YES;
				IPHONEOS_DEPLOYMENT_TARGET = 14.0;
				MTL_ENABLE_DEBUG_INFO = NO;
				MTL_FAST_MATH = YES;
				SDKROOT = iphoneos;
				SWIFT_COMPILATION_MODE = wholemodule;
				SWIFT_OPTIMIZATION_LEVEL = "-O";
				VALIDATE_PRODUCT = YES;
			};
			name = AdHoc;
		};
		8444D05025B84FDD00E6DD2B /* AdHoc */ = {
			isa = XCBuildConfiguration;
			buildSettings = {
				ASSETCATALOG_COMPILER_APPICON_NAME = AppIcon;
				CODE_SIGN_IDENTITY = "iPhone Distribution";
				CODE_SIGN_STYLE = Manual;
				DEVELOPMENT_TEAM = PH3V9JYRDW;
				INFOPLIST_FILE = "ping-pong/Support/Info.plist";
				IPHONEOS_DEPLOYMENT_TARGET = 14.0;
				LD_RUNPATH_SEARCH_PATHS = (
					"$(inherited)",
					"@executable_path/Frameworks",
				);
				PRODUCT_BUNDLE_IDENTIFIER = "com.ic-servis.ping-pong";
				PRODUCT_NAME = "$(TARGET_NAME)";
				PROVISIONING_PROFILE_SPECIFIER = "Ping Pong AdHoc";
				SWIFT_VERSION = 5.0;
				TARGETED_DEVICE_FAMILY = "1,2";
			};
			name = AdHoc;
		};
		8446E85E2207129C008FF376 /* Debug */ = {
			isa = XCBuildConfiguration;
			buildSettings = {
				ALWAYS_SEARCH_USER_PATHS = NO;
				CLANG_ANALYZER_NONNULL = YES;
				CLANG_ANALYZER_NUMBER_OBJECT_CONVERSION = YES_AGGRESSIVE;
				CLANG_CXX_LANGUAGE_STANDARD = "gnu++14";
				CLANG_CXX_LIBRARY = "libc++";
				CLANG_ENABLE_MODULES = YES;
				CLANG_ENABLE_OBJC_ARC = YES;
				CLANG_ENABLE_OBJC_WEAK = YES;
				CLANG_WARN_BLOCK_CAPTURE_AUTORELEASING = YES;
				CLANG_WARN_BOOL_CONVERSION = YES;
				CLANG_WARN_COMMA = YES;
				CLANG_WARN_CONSTANT_CONVERSION = YES;
				CLANG_WARN_DEPRECATED_OBJC_IMPLEMENTATIONS = YES;
				CLANG_WARN_DIRECT_OBJC_ISA_USAGE = YES_ERROR;
				CLANG_WARN_DOCUMENTATION_COMMENTS = YES;
				CLANG_WARN_EMPTY_BODY = YES;
				CLANG_WARN_ENUM_CONVERSION = YES;
				CLANG_WARN_INFINITE_RECURSION = YES;
				CLANG_WARN_INT_CONVERSION = YES;
				CLANG_WARN_NON_LITERAL_NULL_CONVERSION = YES;
				CLANG_WARN_OBJC_IMPLICIT_RETAIN_SELF = YES;
				CLANG_WARN_OBJC_LITERAL_CONVERSION = YES;
				CLANG_WARN_OBJC_ROOT_CLASS = YES_ERROR;
				CLANG_WARN_QUOTED_INCLUDE_IN_FRAMEWORK_HEADER = YES;
				CLANG_WARN_RANGE_LOOP_ANALYSIS = YES;
				CLANG_WARN_STRICT_PROTOTYPES = YES;
				CLANG_WARN_SUSPICIOUS_MOVE = YES;
				CLANG_WARN_UNGUARDED_AVAILABILITY = YES_AGGRESSIVE;
				CLANG_WARN_UNREACHABLE_CODE = YES;
				CLANG_WARN__DUPLICATE_METHOD_MATCH = YES;
				CODE_SIGN_IDENTITY = "iPhone Developer";
				COPY_PHASE_STRIP = NO;
				DEBUG_INFORMATION_FORMAT = dwarf;
				ENABLE_STRICT_OBJC_MSGSEND = YES;
				ENABLE_TESTABILITY = YES;
				GCC_C_LANGUAGE_STANDARD = gnu11;
				GCC_DYNAMIC_NO_PIC = NO;
				GCC_NO_COMMON_BLOCKS = YES;
				GCC_OPTIMIZATION_LEVEL = 0;
				GCC_PREPROCESSOR_DEFINITIONS = (
					"DEBUG=1",
					"$(inherited)",
				);
				GCC_WARN_64_TO_32_BIT_CONVERSION = YES;
				GCC_WARN_ABOUT_RETURN_TYPE = YES_ERROR;
				GCC_WARN_UNDECLARED_SELECTOR = YES;
				GCC_WARN_UNINITIALIZED_AUTOS = YES_AGGRESSIVE;
				GCC_WARN_UNUSED_FUNCTION = YES;
				GCC_WARN_UNUSED_VARIABLE = YES;
				IPHONEOS_DEPLOYMENT_TARGET = 14.0;
				MTL_ENABLE_DEBUG_INFO = INCLUDE_SOURCE;
				MTL_FAST_MATH = YES;
				ONLY_ACTIVE_ARCH = YES;
				SDKROOT = iphoneos;
				SWIFT_ACTIVE_COMPILATION_CONDITIONS = DEBUG;
				SWIFT_OPTIMIZATION_LEVEL = "-Onone";
			};
			name = Debug;
		};
		8446E85F2207129C008FF376 /* Release */ = {
			isa = XCBuildConfiguration;
			buildSettings = {
				ALWAYS_SEARCH_USER_PATHS = NO;
				CLANG_ANALYZER_NONNULL = YES;
				CLANG_ANALYZER_NUMBER_OBJECT_CONVERSION = YES_AGGRESSIVE;
				CLANG_CXX_LANGUAGE_STANDARD = "gnu++14";
				CLANG_CXX_LIBRARY = "libc++";
				CLANG_ENABLE_MODULES = YES;
				CLANG_ENABLE_OBJC_ARC = YES;
				CLANG_ENABLE_OBJC_WEAK = YES;
				CLANG_WARN_BLOCK_CAPTURE_AUTORELEASING = YES;
				CLANG_WARN_BOOL_CONVERSION = YES;
				CLANG_WARN_COMMA = YES;
				CLANG_WARN_CONSTANT_CONVERSION = YES;
				CLANG_WARN_DEPRECATED_OBJC_IMPLEMENTATIONS = YES;
				CLANG_WARN_DIRECT_OBJC_ISA_USAGE = YES_ERROR;
				CLANG_WARN_DOCUMENTATION_COMMENTS = YES;
				CLANG_WARN_EMPTY_BODY = YES;
				CLANG_WARN_ENUM_CONVERSION = YES;
				CLANG_WARN_INFINITE_RECURSION = YES;
				CLANG_WARN_INT_CONVERSION = YES;
				CLANG_WARN_NON_LITERAL_NULL_CONVERSION = YES;
				CLANG_WARN_OBJC_IMPLICIT_RETAIN_SELF = YES;
				CLANG_WARN_OBJC_LITERAL_CONVERSION = YES;
				CLANG_WARN_OBJC_ROOT_CLASS = YES_ERROR;
				CLANG_WARN_QUOTED_INCLUDE_IN_FRAMEWORK_HEADER = YES;
				CLANG_WARN_RANGE_LOOP_ANALYSIS = YES;
				CLANG_WARN_STRICT_PROTOTYPES = YES;
				CLANG_WARN_SUSPICIOUS_MOVE = YES;
				CLANG_WARN_UNGUARDED_AVAILABILITY = YES_AGGRESSIVE;
				CLANG_WARN_UNREACHABLE_CODE = YES;
				CLANG_WARN__DUPLICATE_METHOD_MATCH = YES;
				CODE_SIGN_IDENTITY = "iPhone Developer";
				COPY_PHASE_STRIP = NO;
				DEBUG_INFORMATION_FORMAT = "dwarf-with-dsym";
				ENABLE_NS_ASSERTIONS = NO;
				ENABLE_STRICT_OBJC_MSGSEND = YES;
				GCC_C_LANGUAGE_STANDARD = gnu11;
				GCC_NO_COMMON_BLOCKS = YES;
				GCC_WARN_64_TO_32_BIT_CONVERSION = YES;
				GCC_WARN_ABOUT_RETURN_TYPE = YES_ERROR;
				GCC_WARN_UNDECLARED_SELECTOR = YES;
				GCC_WARN_UNINITIALIZED_AUTOS = YES_AGGRESSIVE;
				GCC_WARN_UNUSED_FUNCTION = YES;
				GCC_WARN_UNUSED_VARIABLE = YES;
				IPHONEOS_DEPLOYMENT_TARGET = 14.0;
				MTL_ENABLE_DEBUG_INFO = NO;
				MTL_FAST_MATH = YES;
				SDKROOT = iphoneos;
				SWIFT_COMPILATION_MODE = wholemodule;
				SWIFT_OPTIMIZATION_LEVEL = "-O";
				VALIDATE_PRODUCT = YES;
			};
			name = Release;
		};
		8446E8612207129C008FF376 /* Debug */ = {
			isa = XCBuildConfiguration;
			buildSettings = {
				ASSETCATALOG_COMPILER_APPICON_NAME = AppIcon;
				CODE_SIGN_IDENTITY = "iPhone Developer";
				CODE_SIGN_STYLE = Manual;
				DEVELOPMENT_TEAM = PH3V9JYRDW;
				INFOPLIST_FILE = "ping-pong/Support/Info.plist";
				IPHONEOS_DEPLOYMENT_TARGET = 14.0;
				LD_RUNPATH_SEARCH_PATHS = (
					"$(inherited)",
					"@executable_path/Frameworks",
				);
				PRODUCT_BUNDLE_IDENTIFIER = "com.ic-servis.ping-pong";
				PRODUCT_NAME = "$(TARGET_NAME)";
				PROVISIONING_PROFILE_SPECIFIER = "Ping Pong Dev";
				SWIFT_VERSION = 5.0;
				TARGETED_DEVICE_FAMILY = "1,2";
			};
			name = Debug;
		};
		8446E8622207129C008FF376 /* Release */ = {
			isa = XCBuildConfiguration;
			buildSettings = {
				ASSETCATALOG_COMPILER_APPICON_NAME = AppIcon;
				CODE_SIGN_IDENTITY = "iPhone Distribution";
				CODE_SIGN_STYLE = Manual;
				DEVELOPMENT_TEAM = PH3V9JYRDW;
				INFOPLIST_FILE = "ping-pong/Support/Info.plist";
				IPHONEOS_DEPLOYMENT_TARGET = 14.0;
				LD_RUNPATH_SEARCH_PATHS = (
					"$(inherited)",
					"@executable_path/Frameworks",
				);
				PRODUCT_BUNDLE_IDENTIFIER = "com.ic-servis.ping-pong";
				PRODUCT_NAME = "$(TARGET_NAME)";
				PROVISIONING_PROFILE_SPECIFIER = "Ping Pong AppStore";
				SWIFT_VERSION = 5.0;
				TARGETED_DEVICE_FAMILY = "1,2";
			};
			name = Release;
		};
/* End XCBuildConfiguration section */

/* Begin XCConfigurationList section */
		8446E83822071298008FF376 /* Build configuration list for PBXProject "Ping-Pong" */ = {
			isa = XCConfigurationList;
			buildConfigurations = (
				8446E85E2207129C008FF376 /* Debug */,
				8446E85F2207129C008FF376 /* Release */,
				8444D04F25B84FDD00E6DD2B /* AdHoc */,
			);
			defaultConfigurationIsVisible = 0;
			defaultConfigurationName = Release;
		};
		8446E8602207129C008FF376 /* Build configuration list for PBXNativeTarget "ping-pong" */ = {
			isa = XCConfigurationList;
			buildConfigurations = (
				8446E8612207129C008FF376 /* Debug */,
				8446E8622207129C008FF376 /* Release */,
				8444D05025B84FDD00E6DD2B /* AdHoc */,
			);
			defaultConfigurationIsVisible = 0;
			defaultConfigurationName = Release;
		};
/* End XCConfigurationList section */

/* Begin XCRemoteSwiftPackageReference section */
		844E861725AB5F420071B82C /* XCRemoteSwiftPackageReference "swift-log" */ = {
			isa = XCRemoteSwiftPackageReference;
			repositoryURL = "https://github.com/apple/swift-log.git";
			requirement = {
				kind = upToNextMajorVersion;
				minimumVersion = 1.4.0;
			};
		};
/* End XCRemoteSwiftPackageReference section */

/* Begin XCSwiftPackageProductDependency section */
		844E861825AB5F420071B82C /* Logging */ = {
			isa = XCSwiftPackageProductDependency;
			package = 844E861725AB5F420071B82C /* XCRemoteSwiftPackageReference "swift-log" */;
			productName = Logging;
		};
/* End XCSwiftPackageProductDependency section */
	};
	rootObject = 8446E83522071298008FF376 /* Project object */;
}
