{
  "object": {
    "pins": [
      {
        "package": "ModalPresentation",
        "repositoryURL": "git@github.com:icservis/ModalPresentation.git",
        "state": {
          "branch": "main",
          "revision": "fd1c11062111708b85d3c12cfa8b19eb0a67a077",
          "version": null
        }
      },
      {
        "package": "swift-log",
        "repositoryURL": "https://github.com/apple/swift-log.git",
        "state": {
          "branch": null,
          "revision": "173f567a2dfec11d74588eea82cecea555bdc0bc",
          "version": "1.4.0"
        }
      }
    ]
  },
  "version": 1
}
